
Microsoft Visual Studio Solution File, Format Version 12.00
# Visual Studio Version 16
VisualStudioVersion = 16.0.31515.178
MinimumVisualStudioVersion = 10.0.40219.1
Project("{FAE04EC0-301F-11D3-BF4B-00C04F79EFBC}") = "Lyricson.App", "Lyricson.App\Lyricson.App.csproj", "{809EA599-ABE8-4025-A082-0D639684E72F}"
EndProject
Project("{FAE04EC0-301F-11D3-BF4B-00C04F79EFBC}") = "Lyricson.Models", "Lyricson.Models\Lyricson.Models.csproj", "{FF9D13C8-B113-4ADA-BE43-6AD31EC51C33}"
EndProject
Project("{FAE04EC0-301F-11D3-BF4B-00C04F79EFBC}") = "Lyricson.Api", "Lyricson.Api\Lyricson.Api.csproj", "{FEEB88B5-0373-46F6-825F-3B9FF01D19AE}"
EndProject
Global
	GlobalSection(SolutionConfigurationPlatforms) = preSolution
		Debug|Any CPU = Debug|Any CPU
		Release|Any CPU = Release|Any CPU
	EndGlobalSection
	GlobalSection(ProjectConfigurationPlatforms) = postSolution
		{809EA599-ABE8-4025-A082-0D639684E72F}.Debug|Any CPU.ActiveCfg = Debug|Any CPU
		{809EA599-ABE8-4025-A082-0D639684E72F}.Debug|Any CPU.Build.0 = Debug|Any CPU
		{809EA599-ABE8-4025-A082-0D639684E72F}.Release|Any CPU.ActiveCfg = Release|Any CPU
		{809EA599-ABE8-4025-A082-0D639684E72F}.Release|Any CPU.Build.0 = Release|Any CPU
		{FF9D13C8-B113-4ADA-BE43-6AD31EC51C33}.Debug|Any CPU.ActiveCfg = Debug|Any CPU
		{FF9D13C8-B113-4ADA-BE43-6AD31EC51C33}.Debug|Any CPU.Build.0 = Debug|Any CPU
		{FF9D13C8-B113-4ADA-BE43-6AD31EC51C33}.Release|Any CPU.ActiveCfg = Release|Any CPU
		{FF9D13C8-B113-4ADA-BE43-6AD31EC51C33}.Release|Any CPU.Build.0 = Release|Any CPU
		{FEEB88B5-0373-46F6-825F-3B9FF01D19AE}.Debug|Any CPU.ActiveCfg = Debug|Any CPU
		{FEEB88B5-0373-46F6-825F-3B9FF01D19AE}.Debug|Any CPU.Build.0 = Debug|Any CPU
		{FEEB88B5-0373-46F6-825F-3B9FF01D19AE}.Release|Any CPU.ActiveCfg = Release|Any CPU
		{FEEB88B5-0373-46F6-825F-3B9FF01D19AE}.Release|Any CPU.Build.0 = Release|Any CPU
	EndGlobalSection
	GlobalSection(SolutionProperties) = preSolution
		HideSolutionNode = FALSE
	EndGlobalSection
	GlobalSection(ExtensibilityGlobals) = postSolution
		SolutionGuid = {700878D5-A424-4FF3-A7DD-BEECD09BD422}
	EndGlobalSection
EndGlobal
