
Microsoft Visual Studio Solution File, Format Version 12.00
# Visual Studio Version 16
VisualStudioVersion = 16.0.30225.117
MinimumVisualStudioVersion = 10.0.40219.1
Project("{FAE04EC0-301F-11D3-BF4B-00C04F79EFBC}") = "G18_LinkedList", "G18_LinkedList\G18_LinkedList.csproj", "{BF05CA2D-85D6-4429-AE8F-B962D819D33B}"
EndProject
Global
	GlobalSection(SolutionConfigurationPlatforms) = preSolution
		Debug|Any CPU = Debug|Any CPU
		Release|Any CPU = Release|Any CPU
	EndGlobalSection
	GlobalSection(ProjectConfigurationPlatforms) = postSolution
		{BF05CA2D-85D6-4429-AE8F-B962D819D33B}.Debug|Any CPU.ActiveCfg = Debug|Any CPU
		{BF05CA2D-85D6-4429-AE8F-B962D819D33B}.Debug|Any CPU.Build.0 = Debug|Any CPU
		{BF05CA2D-85D6-4429-AE8F-B962D819D33B}.Release|Any CPU.ActiveCfg = Release|Any CPU
		{BF05CA2D-85D6-4429-AE8F-B962D819D33B}.Release|Any CPU.Build.0 = Release|Any CPU
	EndGlobalSection
	GlobalSection(SolutionProperties) = preSolution
		HideSolutionNode = FALSE
	EndGlobalSection
	GlobalSection(ExtensibilityGlobals) = postSolution
		SolutionGuid = {29DDE9EC-6DAA-4D18-8C79-0FC5EF201A32}
	EndGlobalSection
EndGlobal
