
Microsoft Visual Studio Solution File, Format Version 12.00
# Visual Studio Version 16
VisualStudioVersion = 16.0.30320.27
MinimumVisualStudioVersion = 10.0.40219.1
Project("{FAE04EC0-301F-11D3-BF4B-00C04F79EFBC}") = "Threading_HorseRaceGame", "Threading_HorseRaceGame\Threading_HorseRaceGame.csproj", "{4D53E517-39BA-4922-A04B-99F0FB0DE45E}"
EndProject
Global
	GlobalSection(SolutionConfigurationPlatforms) = preSolution
		Debug|Any CPU = Debug|Any CPU
		Release|Any CPU = Release|Any CPU
	EndGlobalSection
	GlobalSection(ProjectConfigurationPlatforms) = postSolution
		{4D53E517-39BA-4922-A04B-99F0FB0DE45E}.Debug|Any CPU.ActiveCfg = Debug|Any CPU
		{4D53E517-39BA-4922-A04B-99F0FB0DE45E}.Debug|Any CPU.Build.0 = Debug|Any CPU
		{4D53E517-39BA-4922-A04B-99F0FB0DE45E}.Release|Any CPU.ActiveCfg = Release|Any CPU
		{4D53E517-39BA-4922-A04B-99F0FB0DE45E}.Release|Any CPU.Build.0 = Release|Any CPU
	EndGlobalSection
	GlobalSection(SolutionProperties) = preSolution
		HideSolutionNode = FALSE
	EndGlobalSection
	GlobalSection(ExtensibilityGlobals) = postSolution
		SolutionGuid = {1A1D9D2E-5796-48E9-89BB-69146DCEC4C6}
	EndGlobalSection
EndGlobal
