
Microsoft Visual Studio Solution File, Format Version 12.00
# Visual Studio Version 16
VisualStudioVersion = 16.0.30104.148
MinimumVisualStudioVersion = 10.0.40219.1
Project("{FAE04EC0-301F-11D3-BF4B-00C04F79EFBC}") = "G18_3", "G18_3\G18_3.csproj", "{7EB79E74-5E26-4DE2-8998-9980E326EB11}"
EndProject
Global
	GlobalSection(SolutionConfigurationPlatforms) = preSolution
		Debug|Any CPU = Debug|Any CPU
		Release|Any CPU = Release|Any CPU
	EndGlobalSection
	GlobalSection(ProjectConfigurationPlatforms) = postSolution
		{7EB79E74-5E26-4DE2-8998-9980E326EB11}.Debug|Any CPU.ActiveCfg = Debug|Any CPU
		{7EB79E74-5E26-4DE2-8998-9980E326EB11}.Debug|Any CPU.Build.0 = Debug|Any CPU
		{7EB79E74-5E26-4DE2-8998-9980E326EB11}.Release|Any CPU.ActiveCfg = Release|Any CPU
		{7EB79E74-5E26-4DE2-8998-9980E326EB11}.Release|Any CPU.Build.0 = Release|Any CPU
	EndGlobalSection
	GlobalSection(SolutionProperties) = preSolution
		HideSolutionNode = FALSE
	EndGlobalSection
	GlobalSection(ExtensibilityGlobals) = postSolution
		SolutionGuid = {23F998D1-DF9A-4FF5-8591-A07581FA6590}
	EndGlobalSection
EndGlobal
