
Microsoft Visual Studio Solution File, Format Version 12.00
# Visual Studio Version 16
VisualStudioVersion = 16.0.30320.27
MinimumVisualStudioVersion = 10.0.40219.1
Project("{FAE04EC0-301F-11D3-BF4B-00C04F79EFBC}") = "davaleba_streams", "davaleba_streams\davaleba_streams.csproj", "{5F697F15-55F3-47D5-B702-60F20B93B1F1}"
EndProject
Global
	GlobalSection(SolutionConfigurationPlatforms) = preSolution
		Debug|Any CPU = Debug|Any CPU
		Release|Any CPU = Release|Any CPU
	EndGlobalSection
	GlobalSection(ProjectConfigurationPlatforms) = postSolution
		{5F697F15-55F3-47D5-B702-60F20B93B1F1}.Debug|Any CPU.ActiveCfg = Debug|Any CPU
		{5F697F15-55F3-47D5-B702-60F20B93B1F1}.Debug|Any CPU.Build.0 = Debug|Any CPU
		{5F697F15-55F3-47D5-B702-60F20B93B1F1}.Release|Any CPU.ActiveCfg = Release|Any CPU
		{5F697F15-55F3-47D5-B702-60F20B93B1F1}.Release|Any CPU.Build.0 = Release|Any CPU
	EndGlobalSection
	GlobalSection(SolutionProperties) = preSolution
		HideSolutionNode = FALSE
	EndGlobalSection
	GlobalSection(ExtensibilityGlobals) = postSolution
		SolutionGuid = {C3B110A0-1E20-4E44-8FC1-F2016B365DFD}
	EndGlobalSection
EndGlobal
